
Microsoft Visual Studio Solution File, Format Version 11.00
# Visual Studio 2010
Project("{FAE04EC0-301F-11D3-BF4B-00C04F79EFBC}") = "Navigation Man", "Assembly-CSharp-firstpass.csproj", "{F7534FE8-7DE3-5F31-F4EA-C64142CA18DA}"
EndProject
Project("{FAE04EC0-301F-11D3-BF4B-00C04F79EFBC}") = "Navigation Man", "Assembly-CSharp-Editor.csproj", "{537750AE-0316-E25A-275A-BC9D1680508F}"
EndProject
Global
	GlobalSection(SolutionConfigurationPlatforms) = preSolution
		Debug|Any CPU = Debug|Any CPU
		Release|Any CPU = Release|Any CPU
	EndGlobalSection
	GlobalSection(ProjectConfigurationPlatforms) = postSolution
		{F7534FE8-7DE3-5F31-F4EA-C64142CA18DA}.Debug|Any CPU.ActiveCfg = Debug|Any CPU
		{F7534FE8-7DE3-5F31-F4EA-C64142CA18DA}.Debug|Any CPU.Build.0 = Debug|Any CPU
		{F7534FE8-7DE3-5F31-F4EA-C64142CA18DA}.Release|Any CPU.ActiveCfg = Release|Any CPU
		{F7534FE8-7DE3-5F31-F4EA-C64142CA18DA}.Release|Any CPU.Build.0 = Release|Any CPU
		{537750AE-0316-E25A-275A-BC9D1680508F}.Debug|Any CPU.ActiveCfg = Debug|Any CPU
		{537750AE-0316-E25A-275A-BC9D1680508F}.Debug|Any CPU.Build.0 = Debug|Any CPU
		{537750AE-0316-E25A-275A-BC9D1680508F}.Release|Any CPU.ActiveCfg = Release|Any CPU
		{537750AE-0316-E25A-275A-BC9D1680508F}.Release|Any CPU.Build.0 = Release|Any CPU
	EndGlobalSection
	GlobalSection(SolutionProperties) = preSolution
		HideSolutionNode = FALSE
	EndGlobalSection
	GlobalSection(MonoDevelopProperties) = preSolution
		StartupItem = Assembly-CSharp.csproj
	EndGlobalSection
EndGlobal
